
Microsoft Visual Studio Solution File, Format Version 12.00
# Visual Studio Version 17
VisualStudioVersion = 17.3.32819.101
MinimumVisualStudioVersion = 10.0.40219.1
Project("{9A19103F-16F7-4668-BE54-9A1E7A4F7556}") = "ProductModule", "ProductModule\ProductModule.csproj", "{398A8A5D-EE25-4127-B31E-C42488D931D2}"
EndProject
Project("{9A19103F-16F7-4668-BE54-9A1E7A4F7556}") = "ProductClient", "ProductClient\ProductClient.csproj", "{98E9BCC1-1ADD-4E69-8554-AE5AD34C56D8}"
EndProject
Project("{FAE04EC0-301F-11D3-BF4B-00C04F79EFBC}") = "Common", "Common\Common.csproj", "{A7F97AE4-1C3C-4326-9ADD-1B87DAF08C10}"
EndProject
Project("{FAE04EC0-301F-11D3-BF4B-00C04F79EFBC}") = "CWC.DocMgmt", "CWC.DocMgmt\CWC.DocMgmt.csproj", "{2E70149A-7FD6-4736-A9EA-615C31C7D924}"
EndProject
Project("{FAE04EC0-301F-11D3-BF4B-00C04F79EFBC}") = "CWC.DocGeneration", "CWC.DocGeneration\CWC.DocGeneration.csproj", "{85061242-DE6E-497E-AFBD-085BBADE2B1C}"
EndProject
Project("{FAE04EC0-301F-11D3-BF4B-00C04F79EFBC}") = "CWC.DocMgmtClient", "CWC.DocMgmtClient\CWC.DocMgmtClient.csproj", "{6A475199-5A9A-4D19-9BDD-22DCED0C5725}"
EndProject
Project("{FAE04EC0-301F-11D3-BF4B-00C04F79EFBC}") = "CWC.DocGenrationClient", "CWC.DocGenrationClient\CWC.DocGenrationClient.csproj", "{725E52FC-CC65-4D0A-8AF7-4854C717E33C}"
EndProject
Global
	GlobalSection(SolutionConfigurationPlatforms) = preSolution
		Debug|Any CPU = Debug|Any CPU
		Release|Any CPU = Release|Any CPU
	EndGlobalSection
	GlobalSection(ProjectConfigurationPlatforms) = postSolution
		{398A8A5D-EE25-4127-B31E-C42488D931D2}.Debug|Any CPU.ActiveCfg = Debug|Any CPU
		{398A8A5D-EE25-4127-B31E-C42488D931D2}.Debug|Any CPU.Build.0 = Debug|Any CPU
		{398A8A5D-EE25-4127-B31E-C42488D931D2}.Release|Any CPU.ActiveCfg = Release|Any CPU
		{398A8A5D-EE25-4127-B31E-C42488D931D2}.Release|Any CPU.Build.0 = Release|Any CPU
		{98E9BCC1-1ADD-4E69-8554-AE5AD34C56D8}.Debug|Any CPU.ActiveCfg = Debug|Any CPU
		{98E9BCC1-1ADD-4E69-8554-AE5AD34C56D8}.Debug|Any CPU.Build.0 = Debug|Any CPU
		{98E9BCC1-1ADD-4E69-8554-AE5AD34C56D8}.Release|Any CPU.ActiveCfg = Release|Any CPU
		{98E9BCC1-1ADD-4E69-8554-AE5AD34C56D8}.Release|Any CPU.Build.0 = Release|Any CPU
		{A7F97AE4-1C3C-4326-9ADD-1B87DAF08C10}.Debug|Any CPU.ActiveCfg = Debug|Any CPU
		{A7F97AE4-1C3C-4326-9ADD-1B87DAF08C10}.Debug|Any CPU.Build.0 = Debug|Any CPU
		{A7F97AE4-1C3C-4326-9ADD-1B87DAF08C10}.Release|Any CPU.ActiveCfg = Release|Any CPU
		{A7F97AE4-1C3C-4326-9ADD-1B87DAF08C10}.Release|Any CPU.Build.0 = Release|Any CPU
	EndGlobalSection
	GlobalSection(SolutionProperties) = preSolution
		HideSolutionNode = FALSE
	EndGlobalSection
	GlobalSection(ExtensibilityGlobals) = postSolution
		SolutionGuid = {0B5DB87E-41EB-471E-B79E-D98203574EE3}
	EndGlobalSection
EndGlobal
